
Microsoft Visual Studio Solution File, Format Version 12.00
# Visual Studio 14
VisualStudioVersion = 14.0.25123.0
MinimumVisualStudioVersion = 10.0.40219.1
Project("{FAE04EC0-301F-11D3-BF4B-00C04F79EFBC}") = "ProjectionSystem.Tests", "ProjectionSystem.Tests\ProjectionSystem.Tests.csproj", "{55650D38-E379-4E97-8C16-910091A0CFD4}"
EndProject
Project("{FAE04EC0-301F-11D3-BF4B-00C04F79EFBC}") = "ProjectionSystem", "ProjectionSystem\ProjectionSystem.csproj", "{CA534837-581F-46B7-B46E-2BBC693E1576}"
EndProject
Project("{FAE04EC0-301F-11D3-BF4B-00C04F79EFBC}") = "ProjectionSystem.Samples.Departments", "ProjectionSystem.Samples.Departments\ProjectionSystem.Samples.Departments.csproj", "{FDAF65E0-624A-4095-997D-0753D52F8BC9}"
EndProject
Project("{FAE04EC0-301F-11D3-BF4B-00C04F79EFBC}") = "ProjectionSystem.Samples.Departments.Tests", "ProjectionSystem.Samples.Departments.Tests\ProjectionSystem.Samples.Departments.Tests.csproj", "{78DDCAFC-5F3D-4375-8742-A4E793F6D096}"
EndProject
Project("{2150E333-8FDC-42A3-9474-1A3956D46DE8}") = "Samples", "Samples", "{6DC607A8-F435-4694-A95B-6362E7107566}"
EndProject
Global
	GlobalSection(SolutionConfigurationPlatforms) = preSolution
		Debug|Any CPU = Debug|Any CPU
		Release|Any CPU = Release|Any CPU
	EndGlobalSection
	GlobalSection(ProjectConfigurationPlatforms) = postSolution
		{55650D38-E379-4E97-8C16-910091A0CFD4}.Debug|Any CPU.ActiveCfg = Debug|Any CPU
		{55650D38-E379-4E97-8C16-910091A0CFD4}.Debug|Any CPU.Build.0 = Debug|Any CPU
		{55650D38-E379-4E97-8C16-910091A0CFD4}.Release|Any CPU.ActiveCfg = Release|Any CPU
		{55650D38-E379-4E97-8C16-910091A0CFD4}.Release|Any CPU.Build.0 = Release|Any CPU
		{CA534837-581F-46B7-B46E-2BBC693E1576}.Debug|Any CPU.ActiveCfg = Debug|Any CPU
		{CA534837-581F-46B7-B46E-2BBC693E1576}.Debug|Any CPU.Build.0 = Debug|Any CPU
		{CA534837-581F-46B7-B46E-2BBC693E1576}.Release|Any CPU.ActiveCfg = Release|Any CPU
		{CA534837-581F-46B7-B46E-2BBC693E1576}.Release|Any CPU.Build.0 = Release|Any CPU
		{FDAF65E0-624A-4095-997D-0753D52F8BC9}.Debug|Any CPU.ActiveCfg = Debug|Any CPU
		{FDAF65E0-624A-4095-997D-0753D52F8BC9}.Debug|Any CPU.Build.0 = Debug|Any CPU
		{FDAF65E0-624A-4095-997D-0753D52F8BC9}.Release|Any CPU.ActiveCfg = Release|Any CPU
		{FDAF65E0-624A-4095-997D-0753D52F8BC9}.Release|Any CPU.Build.0 = Release|Any CPU
		{78DDCAFC-5F3D-4375-8742-A4E793F6D096}.Debug|Any CPU.ActiveCfg = Debug|Any CPU
		{78DDCAFC-5F3D-4375-8742-A4E793F6D096}.Debug|Any CPU.Build.0 = Debug|Any CPU
		{78DDCAFC-5F3D-4375-8742-A4E793F6D096}.Release|Any CPU.ActiveCfg = Release|Any CPU
		{78DDCAFC-5F3D-4375-8742-A4E793F6D096}.Release|Any CPU.Build.0 = Release|Any CPU
	EndGlobalSection
	GlobalSection(SolutionProperties) = preSolution
		HideSolutionNode = FALSE
	EndGlobalSection
	GlobalSection(NestedProjects) = preSolution
		{FDAF65E0-624A-4095-997D-0753D52F8BC9} = {6DC607A8-F435-4694-A95B-6362E7107566}
		{78DDCAFC-5F3D-4375-8742-A4E793F6D096} = {6DC607A8-F435-4694-A95B-6362E7107566}
	EndGlobalSection
EndGlobal
