
Microsoft Visual Studio Solution File, Format Version 12.00
# Visual Studio 14
VisualStudioVersion = 14.0.25123.0
MinimumVisualStudioVersion = 10.0.40219.1
Project("{FAE04EC0-301F-11D3-BF4B-00C04F79EFBC}") = "ProjectionSystem.Tests", "ProjectionSystem.Tests\ProjectionSystem.Tests.csproj", "{55650D38-E379-4E97-8C16-910091A0CFD4}"
EndProject
Project("{FAE04EC0-301F-11D3-BF4B-00C04F79EFBC}") = "ProjectionSystem", "ProjectionSystem\ProjectionSystem.csproj", "{CA534837-581F-46B7-B46E-2BBC693E1576}"
EndProject
Project("{FAE04EC0-301F-11D3-BF4B-00C04F79EFBC}") = "ProjectionSystem.IntegrationTests", "ProjectionSystem.Samples.Departments.Tests\ProjectionSystem.IntegrationTests.csproj", "{78DDCAFC-5F3D-4375-8742-A4E793F6D096}"
EndProject
Global
	GlobalSection(SolutionConfigurationPlatforms) = preSolution
		Debug|Any CPU = Debug|Any CPU
		Release|Any CPU = Release|Any CPU
	EndGlobalSection
	GlobalSection(ProjectConfigurationPlatforms) = postSolution
		{55650D38-E379-4E97-8C16-910091A0CFD4}.Debug|Any CPU.ActiveCfg = Debug|Any CPU
		{55650D38-E379-4E97-8C16-910091A0CFD4}.Debug|Any CPU.Build.0 = Debug|Any CPU
		{55650D38-E379-4E97-8C16-910091A0CFD4}.Release|Any CPU.ActiveCfg = Release|Any CPU
		{55650D38-E379-4E97-8C16-910091A0CFD4}.Release|Any CPU.Build.0 = Release|Any CPU
		{CA534837-581F-46B7-B46E-2BBC693E1576}.Debug|Any CPU.ActiveCfg = Debug|Any CPU
		{CA534837-581F-46B7-B46E-2BBC693E1576}.Debug|Any CPU.Build.0 = Debug|Any CPU
		{CA534837-581F-46B7-B46E-2BBC693E1576}.Release|Any CPU.ActiveCfg = Release|Any CPU
		{CA534837-581F-46B7-B46E-2BBC693E1576}.Release|Any CPU.Build.0 = Release|Any CPU
		{78DDCAFC-5F3D-4375-8742-A4E793F6D096}.Debug|Any CPU.ActiveCfg = Debug|Any CPU
		{78DDCAFC-5F3D-4375-8742-A4E793F6D096}.Debug|Any CPU.Build.0 = Debug|Any CPU
		{78DDCAFC-5F3D-4375-8742-A4E793F6D096}.Release|Any CPU.ActiveCfg = Release|Any CPU
		{78DDCAFC-5F3D-4375-8742-A4E793F6D096}.Release|Any CPU.Build.0 = Release|Any CPU
	EndGlobalSection
	GlobalSection(SolutionProperties) = preSolution
		HideSolutionNode = FALSE
	EndGlobalSection
EndGlobal
